
Microsoft Visual Studio Solution File, Format Version 12.00
# Visual Studio Version 16
VisualStudioVersion = 16.0.29102.190
MinimumVisualStudioVersion = 10.0.40219.1
Project("{FAE04EC0-301F-11D3-BF4B-00C04F79EFBC}") = "Vehicle_testing_station", "Vehicle_testing_station\Vehicle_testing_station.csproj", "{2515E260-FE98-4355-8FB8-5A320D007859}"
EndProject
Global
	GlobalSection(SolutionConfigurationPlatforms) = preSolution
		Debug|Any CPU = Debug|Any CPU
		Release|Any CPU = Release|Any CPU
	EndGlobalSection
	GlobalSection(ProjectConfigurationPlatforms) = postSolution
		{2515E260-FE98-4355-8FB8-5A320D007859}.Debug|Any CPU.ActiveCfg = Debug|Any CPU
		{2515E260-FE98-4355-8FB8-5A320D007859}.Debug|Any CPU.Build.0 = Debug|Any CPU
		{2515E260-FE98-4355-8FB8-5A320D007859}.Release|Any CPU.ActiveCfg = Release|Any CPU
		{2515E260-FE98-4355-8FB8-5A320D007859}.Release|Any CPU.Build.0 = Release|Any CPU
	EndGlobalSection
	GlobalSection(SolutionProperties) = preSolution
		HideSolutionNode = FALSE
	EndGlobalSection
	GlobalSection(ExtensibilityGlobals) = postSolution
		SolutionGuid = {98A32403-C873-48E9-AC8E-0B3734157A8C}
	EndGlobalSection
EndGlobal
